// !$*UTF8*$!
{
	archiveVersion = 1;
	classes = {
	};
	objectVersion = 77;
	objects = {

/* Begin PBXContainerItemProxy section */
		6197BE512CA1B79B00E5C31E /* PBXContainerItemProxy */ = {
			isa = PBXContainerItemProxy;
			containerPortal = 6197BE372CA1B79A00E5C31E /* Project object */;
			proxyType = 1;
			remoteGlobalIDString = 6197BE3E2CA1B79A00E5C31E;
			remoteInfo = SwiftUIWithCoordinators;
		};
		6197BE5B2CA1B79B00E5C31E /* PBXContainerItemProxy */ = {
			isa = PBXContainerItemProxy;
			containerPortal = 6197BE372CA1B79A00E5C31E /* Project object */;
			proxyType = 1;
			remoteGlobalIDString = 6197BE3E2CA1B79A00E5C31E;
			remoteInfo = SwiftUIWithCoordinators;
		};
/* End PBXContainerItemProxy section */

/* Begin PBXFileReference section */
		6197BE3F2CA1B79A00E5C31E /* SwiftUIWithCoordinators.app */ = {isa = PBXFileReference; explicitFileType = wrapper.application; includeInIndex = 0; path = SwiftUIWithCoordinators.app; sourceTree = BUILT_PRODUCTS_DIR; };
		6197BE502CA1B79B00E5C31E /* SwiftUIWithCoordinatorsTests.xctest */ = {isa = PBXFileReference; explicitFileType = wrapper.cfbundle; includeInIndex = 0; path = SwiftUIWithCoordinatorsTests.xctest; sourceTree = BUILT_PRODUCTS_DIR; };
		6197BE5A2CA1B79B00E5C31E /* SwiftUIWithCoordinatorsUITests.xctest */ = {isa = PBXFileReference; explicitFileType = wrapper.cfbundle; includeInIndex = 0; path = SwiftUIWithCoordinatorsUITests.xctest; sourceTree = BUILT_PRODUCTS_DIR; };
/* End PBXFileReference section */

/* Begin PBXFileSystemSynchronizedRootGroup section */
		6197BE412CA1B79A00E5C31E /* SwiftUIWithCoordinators */ = {
			isa = PBXFileSystemSynchronizedRootGroup;
			path = SwiftUIWithCoordinators;
			sourceTree = "<group>";
		};
		6197BE532CA1B79B00E5C31E /* SwiftUIWithCoordinatorsTests */ = {
			isa = PBXFileSystemSynchronizedRootGroup;
			path = SwiftUIWithCoordinatorsTests;
			sourceTree = "<group>";
		};
		6197BE5D2CA1B79B00E5C31E /* SwiftUIWithCoordinatorsUITests */ = {
			isa = PBXFileSystemSynchronizedRootGroup;
			path = SwiftUIWithCoordinatorsUITests;
			sourceTree = "<group>";
		};
/* End PBXFileSystemSynchronizedRootGroup section */

/* Begin PBXFrameworksBuildPhase section */
		6197BE3C2CA1B79A00E5C31E /* Frameworks */ = {
			isa = PBXFrameworksBuildPhase;
			buildActionMask = 2147483647;
			files = (
			);
			runOnlyForDeploymentPostprocessing = 0;
		};
		6197BE4D2CA1B79B00E5C31E /* Frameworks */ = {
			isa = PBXFrameworksBuildPhase;
			buildActionMask = 2147483647;
			files = (
			);
			runOnlyForDeploymentPostprocessing = 0;
		};
		6197BE572CA1B79B00E5C31E /* Frameworks */ = {
			isa = PBXFrameworksBuildPhase;
			buildActionMask = 2147483647;
			files = (
			);
			runOnlyForDeploymentPostprocessing = 0;
		};
/* End PBXFrameworksBuildPhase section */

/* Begin PBXGroup section */
		6197BE362CA1B79A00E5C31E = {
			isa = PBXGroup;
			children = (
				6197BE412CA1B79A00E5C31E /* SwiftUIWithCoordinators */,
				6197BE532CA1B79B00E5C31E /* SwiftUIWithCoordinatorsTests */,
				6197BE5D2CA1B79B00E5C31E /* SwiftUIWithCoordinatorsUITests */,
				6197BE402CA1B79A00E5C31E /* Products */,
			);
			sourceTree = "<group>";
		};
		6197BE402CA1B79A00E5C31E /* Products */ = {
			isa = PBXGroup;
			children = (
				6197BE3F2CA1B79A00E5C31E /* SwiftUIWithCoordinators.app */,
				6197BE502CA1B79B00E5C31E /* SwiftUIWithCoordinatorsTests.xctest */,
				6197BE5A2CA1B79B00E5C31E /* SwiftUIWithCoordinatorsUITests.xctest */,
			);
			name = Products;
			sourceTree = "<group>";
		};
/* End PBXGroup section */

/* Begin PBXNativeTarget section */
		6197BE3E2CA1B79A00E5C31E /* SwiftUIWithCoordinators */ = {
			isa = PBXNativeTarget;
			buildConfigurationList = 6197BE642CA1B79B00E5C31E /* Build configuration list for PBXNativeTarget "SwiftUIWithCoordinators" */;
			buildPhases = (
				6197BE3B2CA1B79A00E5C31E /* Sources */,
				6197BE3C2CA1B79A00E5C31E /* Frameworks */,
				6197BE3D2CA1B79A00E5C31E /* Resources */,
			);
			buildRules = (
			);
			dependencies = (
			);
			fileSystemSynchronizedGroups = (
				6197BE412CA1B79A00E5C31E /* SwiftUIWithCoordinators */,
			);
			name = SwiftUIWithCoordinators;
			packageProductDependencies = (
			);
			productName = SwiftUIWithCoordinators;
			productReference = 6197BE3F2CA1B79A00E5C31E /* SwiftUIWithCoordinators.app */;
			productType = "com.apple.product-type.application";
		};
		6197BE4F2CA1B79B00E5C31E /* SwiftUIWithCoordinatorsTests */ = {
			isa = PBXNativeTarget;
			buildConfigurationList = 6197BE672CA1B79B00E5C31E /* Build configuration list for PBXNativeTarget "SwiftUIWithCoordinatorsTests" */;
			buildPhases = (
				6197BE4C2CA1B79B00E5C31E /* Sources */,
				6197BE4D2CA1B79B00E5C31E /* Frameworks */,
				6197BE4E2CA1B79B00E5C31E /* Resources */,
			);
			buildRules = (
			);
			dependencies = (
				6197BE522CA1B79B00E5C31E /* PBXTargetDependency */,
			);
			fileSystemSynchronizedGroups = (
				6197BE532CA1B79B00E5C31E /* SwiftUIWithCoordinatorsTests */,
			);
			name = SwiftUIWithCoordinatorsTests;
			packageProductDependencies = (
			);
			productName = SwiftUIWithCoordinatorsTests;
			productReference = 6197BE502CA1B79B00E5C31E /* SwiftUIWithCoordinatorsTests.xctest */;
			productType = "com.apple.product-type.bundle.unit-test";
		};
		6197BE592CA1B79B00E5C31E /* SwiftUIWithCoordinatorsUITests */ = {
			isa = PBXNativeTarget;
			buildConfigurationList = 6197BE6A2CA1B79B00E5C31E /* Build configuration list for PBXNativeTarget "SwiftUIWithCoordinatorsUITests" */;
			buildPhases = (
				6197BE562CA1B79B00E5C31E /* Sources */,
				6197BE572CA1B79B00E5C31E /* Frameworks */,
				6197BE582CA1B79B00E5C31E /* Resources */,
			);
			buildRules = (
			);
			dependencies = (
				6197BE5C2CA1B79B00E5C31E /* PBXTargetDependency */,
			);
			fileSystemSynchronizedGroups = (
				6197BE5D2CA1B79B00E5C31E /* SwiftUIWithCoordinatorsUITests */,
			);
			name = SwiftUIWithCoordinatorsUITests;
			packageProductDependencies = (
			);
			productName = SwiftUIWithCoordinatorsUITests;
			productReference = 6197BE5A2CA1B79B00E5C31E /* SwiftUIWithCoordinatorsUITests.xctest */;
			productType = "com.apple.product-type.bundle.ui-testing";
		};
/* End PBXNativeTarget section */

/* Begin PBXProject section */
		6197BE372CA1B79A00E5C31E /* Project object */ = {
			isa = PBXProject;
			attributes = {
				BuildIndependentTargetsInParallel = 1;
				LastSwiftUpdateCheck = 1600;
				LastUpgradeCheck = 1600;
				TargetAttributes = {
					6197BE3E2CA1B79A00E5C31E = {
						CreatedOnToolsVersion = 16.0;
					};
					6197BE4F2CA1B79B00E5C31E = {
						CreatedOnToolsVersion = 16.0;
						TestTargetID = 6197BE3E2CA1B79A00E5C31E;
					};
					6197BE592CA1B79B00E5C31E = {
						CreatedOnToolsVersion = 16.0;
						TestTargetID = 6197BE3E2CA1B79A00E5C31E;
					};
				};
			};
			buildConfigurationList = 6197BE3A2CA1B79A00E5C31E /* Build configuration list for PBXProject "SwiftUIWithCoordinators" */;
			developmentRegion = en;
			hasScannedForEncodings = 0;
			knownRegions = (
				en,
				Base,
			);
			mainGroup = 6197BE362CA1B79A00E5C31E;
			minimizedProjectReferenceProxies = 1;
			preferredProjectObjectVersion = 77;
			productRefGroup = 6197BE402CA1B79A00E5C31E /* Products */;
			projectDirPath = "";
			projectRoot = "";
			targets = (
				6197BE3E2CA1B79A00E5C31E /* SwiftUIWithCoordinators */,
				6197BE4F2CA1B79B00E5C31E /* SwiftUIWithCoordinatorsTests */,
				6197BE592CA1B79B00E5C31E /* SwiftUIWithCoordinatorsUITests */,
			);
		};
/* End PBXProject section */

/* Begin PBXResourcesBuildPhase section */
		6197BE3D2CA1B79A00E5C31E /* Resources */ = {
			isa = PBXResourcesBuildPhase;
			buildActionMask = 2147483647;
			files = (
			);
			runOnlyForDeploymentPostprocessing = 0;
		};
		6197BE4E2CA1B79B00E5C31E /* Resources */ = {
			isa = PBXResourcesBuildPhase;
			buildActionMask = 2147483647;
			files = (
			);
			runOnlyForDeploymentPostprocessing = 0;
		};
		6197BE582CA1B79B00E5C31E /* Resources */ = {
			isa = PBXResourcesBuildPhase;
			buildActionMask = 2147483647;
			files = (
			);
			runOnlyForDeploymentPostprocessing = 0;
		};
/* End PBXResourcesBuildPhase section */

/* Begin PBXSourcesBuildPhase section */
		6197BE3B2CA1B79A00E5C31E /* Sources */ = {
			isa = PBXSourcesBuildPhase;
			buildActionMask = 2147483647;
			files = (
			);
			runOnlyForDeploymentPostprocessing = 0;
		};
		6197BE4C2CA1B79B00E5C31E /* Sources */ = {
			isa = PBXSourcesBuildPhase;
			buildActionMask = 2147483647;
			files = (
			);
			runOnlyForDeploymentPostprocessing = 0;
		};
		6197BE562CA1B79B00E5C31E /* Sources */ = {
			isa = PBXSourcesBuildPhase;
			buildActionMask = 2147483647;
			files = (
			);
			runOnlyForDeploymentPostprocessing = 0;
		};
/* End PBXSourcesBuildPhase section */

/* Begin PBXTargetDependency section */
		6197BE522CA1B79B00E5C31E /* PBXTargetDependency */ = {
			isa = PBXTargetDependency;
			target = 6197BE3E2CA1B79A00E5C31E /* SwiftUIWithCoordinators */;
			targetProxy = 6197BE512CA1B79B00E5C31E /* PBXContainerItemProxy */;
		};
		6197BE5C2CA1B79B00E5C31E /* PBXTargetDependency */ = {
			isa = PBXTargetDependency;
			target = 6197BE3E2CA1B79A00E5C31E /* SwiftUIWithCoordinators */;
			targetProxy = 6197BE5B2CA1B79B00E5C31E /* PBXContainerItemProxy */;
		};
/* End PBXTargetDependency section */

/* Begin XCBuildConfiguration section */
		6197BE622CA1B79B00E5C31E /* Debug */ = {
			isa = XCBuildConfiguration;
			buildSettings = {
				ALWAYS_SEARCH_USER_PATHS = NO;
				ASSETCATALOG_COMPILER_GENERATE_SWIFT_ASSET_SYMBOL_EXTENSIONS = YES;
				CLANG_ANALYZER_NONNULL = YES;
				CLANG_ANALYZER_NUMBER_OBJECT_CONVERSION = YES_AGGRESSIVE;
				CLANG_CXX_LANGUAGE_STANDARD = "gnu++20";
				CLANG_ENABLE_MODULES = YES;
				CLANG_ENABLE_OBJC_ARC = YES;
				CLANG_ENABLE_OBJC_WEAK = YES;
				CLANG_WARN_BLOCK_CAPTURE_AUTORELEASING = YES;
				CLANG_WARN_BOOL_CONVERSION = YES;
				CLANG_WARN_COMMA = YES;
				CLANG_WARN_CONSTANT_CONVERSION = YES;
				CLANG_WARN_DEPRECATED_OBJC_IMPLEMENTATIONS = YES;
				CLANG_WARN_DIRECT_OBJC_ISA_USAGE = YES_ERROR;
				CLANG_WARN_DOCUMENTATION_COMMENTS = YES;
				CLANG_WARN_EMPTY_BODY = YES;
				CLANG_WARN_ENUM_CONVERSION = YES;
				CLANG_WARN_INFINITE_RECURSION = YES;
				CLANG_WARN_INT_CONVERSION = YES;
				CLANG_WARN_NON_LITERAL_NULL_CONVERSION = YES;
				CLANG_WARN_OBJC_IMPLICIT_RETAIN_SELF = YES;
				CLANG_WARN_OBJC_LITERAL_CONVERSION = YES;
				CLANG_WARN_OBJC_ROOT_CLASS = YES_ERROR;
				CLANG_WARN_QUOTED_INCLUDE_IN_FRAMEWORK_HEADER = YES;
				CLANG_WARN_RANGE_LOOP_ANALYSIS = YES;
				CLANG_WARN_STRICT_PROTOTYPES = YES;
				CLANG_WARN_SUSPICIOUS_MOVE = YES;
				CLANG_WARN_UNGUARDED_AVAILABILITY = YES_AGGRESSIVE;
				CLANG_WARN_UNREACHABLE_CODE = YES;
				CLANG_WARN__DUPLICATE_METHOD_MATCH = YES;
				COPY_PHASE_STRIP = NO;
				DEBUG_INFORMATION_FORMAT = dwarf;
				ENABLE_STRICT_OBJC_MSGSEND = YES;
				ENABLE_TESTABILITY = YES;
				ENABLE_USER_SCRIPT_SANDBOXING = YES;
				GCC_C_LANGUAGE_STANDARD = gnu17;
				GCC_DYNAMIC_NO_PIC = NO;
				GCC_NO_COMMON_BLOCKS = YES;
				GCC_OPTIMIZATION_LEVEL = 0;
				GCC_PREPROCESSOR_DEFINITIONS = (
					"DEBUG=1",
					"$(inherited)",
				);
				GCC_WARN_64_TO_32_BIT_CONVERSION = YES;
				GCC_WARN_ABOUT_RETURN_TYPE = YES_ERROR;
				GCC_WARN_UNDECLARED_SELECTOR = YES;
				GCC_WARN_UNINITIALIZED_AUTOS = YES_AGGRESSIVE;
				GCC_WARN_UNUSED_FUNCTION = YES;
				GCC_WARN_UNUSED_VARIABLE = YES;
				LOCALIZATION_PREFERS_STRING_CATALOGS = YES;
				MTL_ENABLE_DEBUG_INFO = INCLUDE_SOURCE;
				MTL_FAST_MATH = YES;
				ONLY_ACTIVE_ARCH = YES;
				SWIFT_ACTIVE_COMPILATION_CONDITIONS = "DEBUG $(inherited)";
				SWIFT_OPTIMIZATION_LEVEL = "-Onone";
				SWIFT_VERSION = 6.0;
			};
			name = Debug;
		};
		6197BE632CA1B79B00E5C31E /* Release */ = {
			isa = XCBuildConfiguration;
			buildSettings = {
				ALWAYS_SEARCH_USER_PATHS = NO;
				ASSETCATALOG_COMPILER_GENERATE_SWIFT_ASSET_SYMBOL_EXTENSIONS = YES;
				CLANG_ANALYZER_NONNULL = YES;
				CLANG_ANALYZER_NUMBER_OBJECT_CONVERSION = YES_AGGRESSIVE;
				CLANG_CXX_LANGUAGE_STANDARD = "gnu++20";
				CLANG_ENABLE_MODULES = YES;
				CLANG_ENABLE_OBJC_ARC = YES;
				CLANG_ENABLE_OBJC_WEAK = YES;
				CLANG_WARN_BLOCK_CAPTURE_AUTORELEASING = YES;
				CLANG_WARN_BOOL_CONVERSION = YES;
				CLANG_WARN_COMMA = YES;
				CLANG_WARN_CONSTANT_CONVERSION = YES;
				CLANG_WARN_DEPRECATED_OBJC_IMPLEMENTATIONS = YES;
				CLANG_WARN_DIRECT_OBJC_ISA_USAGE = YES_ERROR;
				CLANG_WARN_DOCUMENTATION_COMMENTS = YES;
				CLANG_WARN_EMPTY_BODY = YES;
				CLANG_WARN_ENUM_CONVERSION = YES;
				CLANG_WARN_INFINITE_RECURSION = YES;
				CLANG_WARN_INT_CONVERSION = YES;
				CLANG_WARN_NON_LITERAL_NULL_CONVERSION = YES;
				CLANG_WARN_OBJC_IMPLICIT_RETAIN_SELF = YES;
				CLANG_WARN_OBJC_LITERAL_CONVERSION = YES;
				CLANG_WARN_OBJC_ROOT_CLASS = YES_ERROR;
				CLANG_WARN_QUOTED_INCLUDE_IN_FRAMEWORK_HEADER = YES;
				CLANG_WARN_RANGE_LOOP_ANALYSIS = YES;
				CLANG_WARN_STRICT_PROTOTYPES = YES;
				CLANG_WARN_SUSPICIOUS_MOVE = YES;
				CLANG_WARN_UNGUARDED_AVAILABILITY = YES_AGGRESSIVE;
				CLANG_WARN_UNREACHABLE_CODE = YES;
				CLANG_WARN__DUPLICATE_METHOD_MATCH = YES;
				COPY_PHASE_STRIP = NO;
				DEBUG_INFORMATION_FORMAT = "dwarf-with-dsym";
				ENABLE_NS_ASSERTIONS = NO;
				ENABLE_STRICT_OBJC_MSGSEND = YES;
				ENABLE_USER_SCRIPT_SANDBOXING = YES;
				GCC_C_LANGUAGE_STANDARD = gnu17;
				GCC_NO_COMMON_BLOCKS = YES;
				GCC_WARN_64_TO_32_BIT_CONVERSION = YES;
				GCC_WARN_ABOUT_RETURN_TYPE = YES_ERROR;
				GCC_WARN_UNDECLARED_SELECTOR = YES;
				GCC_WARN_UNINITIALIZED_AUTOS = YES_AGGRESSIVE;
				GCC_WARN_UNUSED_FUNCTION = YES;
				GCC_WARN_UNUSED_VARIABLE = YES;
				LOCALIZATION_PREFERS_STRING_CATALOGS = YES;
				MTL_ENABLE_DEBUG_INFO = NO;
				MTL_FAST_MATH = YES;
				SWIFT_COMPILATION_MODE = wholemodule;
				SWIFT_VERSION = 6.0;
			};
			name = Release;
		};
		6197BE652CA1B79B00E5C31E /* Debug */ = {
			isa = XCBuildConfiguration;
			buildSettings = {
				ASSETCATALOG_COMPILER_APPICON_NAME = AppIcon;
				ASSETCATALOG_COMPILER_GLOBAL_ACCENT_COLOR_NAME = AccentColor;
				CODE_SIGN_ENTITLEMENTS = SwiftUIWithCoordinators/SwiftUIWithCoordinators.entitlements;
				CODE_SIGN_STYLE = Automatic;
				CURRENT_PROJECT_VERSION = 1;
				DEVELOPMENT_ASSET_PATHS = "\"SwiftUIWithCoordinators/Preview Content\"";
				ENABLE_PREVIEWS = YES;
				GENERATE_INFOPLIST_FILE = YES;
				"INFOPLIST_KEY_UIApplicationSceneManifest_Generation[sdk=iphoneos*]" = YES;
				"INFOPLIST_KEY_UIApplicationSceneManifest_Generation[sdk=iphonesimulator*]" = YES;
				"INFOPLIST_KEY_UIApplicationSupportsIndirectInputEvents[sdk=iphoneos*]" = YES;
				"INFOPLIST_KEY_UIApplicationSupportsIndirectInputEvents[sdk=iphonesimulator*]" = YES;
				"INFOPLIST_KEY_UILaunchScreen_Generation[sdk=iphoneos*]" = YES;
				"INFOPLIST_KEY_UILaunchScreen_Generation[sdk=iphonesimulator*]" = YES;
				"INFOPLIST_KEY_UIStatusBarStyle[sdk=iphoneos*]" = UIStatusBarStyleDefault;
				"INFOPLIST_KEY_UIStatusBarStyle[sdk=iphonesimulator*]" = UIStatusBarStyleDefault;
				INFOPLIST_KEY_UISupportedInterfaceOrientations_iPad = "UIInterfaceOrientationPortrait UIInterfaceOrientationPortraitUpsideDown UIInterfaceOrientationLandscapeLeft UIInterfaceOrientationLandscapeRight";
				INFOPLIST_KEY_UISupportedInterfaceOrientations_iPhone = "UIInterfaceOrientationPortrait UIInterfaceOrientationLandscapeLeft UIInterfaceOrientationLandscapeRight";
				IPHONEOS_DEPLOYMENT_TARGET = 18.0;
				LD_RUNPATH_SEARCH_PATHS = "@executable_path/Frameworks";
				"LD_RUNPATH_SEARCH_PATHS[sdk=macosx*]" = "@executable_path/../Frameworks";
				MACOSX_DEPLOYMENT_TARGET = 14.6;
				MARKETING_VERSION = 1.0;
				PRODUCT_BUNDLE_IDENTIFIER = com.SamarKhaled.SwiftUIWithCoordinators;
				PRODUCT_NAME = "$(TARGET_NAME)";
				SDKROOT = auto;
				SUPPORTED_PLATFORMS = "iphoneos iphonesimulator macosx xros xrsimulator";
				SWIFT_EMIT_LOC_STRINGS = YES;
				SWIFT_VERSION = 6.0;
				TARGETED_DEVICE_FAMILY = "1,2,7";
				XROS_DEPLOYMENT_TARGET = 2.0;
			};
			name = Debug;
		};
		6197BE662CA1B79B00E5C31E /* Release */ = {
			isa = XCBuildConfiguration;
			buildSettings = {
				ASSETCATALOG_COMPILER_APPICON_NAME = AppIcon;
				ASSETCATALOG_COMPILER_GLOBAL_ACCENT_COLOR_NAME = AccentColor;
				CODE_SIGN_ENTITLEMENTS = SwiftUIWithCoordinators/SwiftUIWithCoordinators.entitlements;
				CODE_SIGN_STYLE = Automatic;
				CURRENT_PROJECT_VERSION = 1;
				DEVELOPMENT_ASSET_PATHS = "\"SwiftUIWithCoordinators/Preview Content\"";
				ENABLE_PREVIEWS = YES;
				GENERATE_INFOPLIST_FILE = YES;
				"INFOPLIST_KEY_UIApplicationSceneManifest_Generation[sdk=iphoneos*]" = YES;
				"INFOPLIST_KEY_UIApplicationSceneManifest_Generation[sdk=iphonesimulator*]" = YES;
				"INFOPLIST_KEY_UIApplicationSupportsIndirectInputEvents[sdk=iphoneos*]" = YES;
				"INFOPLIST_KEY_UIApplicationSupportsIndirectInputEvents[sdk=iphonesimulator*]" = YES;
				"INFOPLIST_KEY_UILaunchScreen_Generation[sdk=iphoneos*]" = YES;
				"INFOPLIST_KEY_UILaunchScreen_Generation[sdk=iphonesimulator*]" = YES;
				"INFOPLIST_KEY_UIStatusBarStyle[sdk=iphoneos*]" = UIStatusBarStyleDefault;
				"INFOPLIST_KEY_UIStatusBarStyle[sdk=iphonesimulator*]" = UIStatusBarStyleDefault;
				INFOPLIST_KEY_UISupportedInterfaceOrientations_iPad = "UIInterfaceOrientationPortrait UIInterfaceOrientationPortraitUpsideDown UIInterfaceOrientationLandscapeLeft UIInterfaceOrientationLandscapeRight";
				INFOPLIST_KEY_UISupportedInterfaceOrientations_iPhone = "UIInterfaceOrientationPortrait UIInterfaceOrientationLandscapeLeft UIInterfaceOrientationLandscapeRight";
				IPHONEOS_DEPLOYMENT_TARGET = 18.0;
				LD_RUNPATH_SEARCH_PATHS = "@executable_path/Frameworks";
				"LD_RUNPATH_SEARCH_PATHS[sdk=macosx*]" = "@executable_path/../Frameworks";
				MACOSX_DEPLOYMENT_TARGET = 14.6;
				MARKETING_VERSION = 1.0;
				PRODUCT_BUNDLE_IDENTIFIER = com.SamarKhaled.SwiftUIWithCoordinators;
				PRODUCT_NAME = "$(TARGET_NAME)";
				SDKROOT = auto;
				SUPPORTED_PLATFORMS = "iphoneos iphonesimulator macosx xros xrsimulator";
				SWIFT_EMIT_LOC_STRINGS = YES;
				SWIFT_VERSION = 6.0;
				TARGETED_DEVICE_FAMILY = "1,2,7";
				XROS_DEPLOYMENT_TARGET = 2.0;
			};
			name = Release;
		};
		6197BE682CA1B79B00E5C31E /* Debug */ = {
			isa = XCBuildConfiguration;
			buildSettings = {
				BUNDLE_LOADER = "$(TEST_HOST)";
				CODE_SIGN_STYLE = Automatic;
				CURRENT_PROJECT_VERSION = 1;
				GENERATE_INFOPLIST_FILE = YES;
				IPHONEOS_DEPLOYMENT_TARGET = 18.0;
				MACOSX_DEPLOYMENT_TARGET = 14.6;
				MARKETING_VERSION = 1.0;
				PRODUCT_BUNDLE_IDENTIFIER = com.SamarKhaled.SwiftUIWithCoordinatorsTests;
				PRODUCT_NAME = "$(TARGET_NAME)";
				SDKROOT = auto;
				SUPPORTED_PLATFORMS = "iphoneos iphonesimulator macosx xros xrsimulator";
				SWIFT_EMIT_LOC_STRINGS = NO;
				SWIFT_VERSION = 6.0;
				TARGETED_DEVICE_FAMILY = "1,2,7";
				TEST_HOST = "$(BUILT_PRODUCTS_DIR)/SwiftUIWithCoordinators.app/$(BUNDLE_EXECUTABLE_FOLDER_PATH)/SwiftUIWithCoordinators";
				XROS_DEPLOYMENT_TARGET = 2.0;
			};
			name = Debug;
		};
		6197BE692CA1B79B00E5C31E /* Release */ = {
			isa = XCBuildConfiguration;
			buildSettings = {
				BUNDLE_LOADER = "$(TEST_HOST)";
				CODE_SIGN_STYLE = Automatic;
				CURRENT_PROJECT_VERSION = 1;
				GENERATE_INFOPLIST_FILE = YES;
				IPHONEOS_DEPLOYMENT_TARGET = 18.0;
				MACOSX_DEPLOYMENT_TARGET = 14.6;
				MARKETING_VERSION = 1.0;
				PRODUCT_BUNDLE_IDENTIFIER = com.SamarKhaled.SwiftUIWithCoordinatorsTests;
				PRODUCT_NAME = "$(TARGET_NAME)";
				SDKROOT = auto;
				SUPPORTED_PLATFORMS = "iphoneos iphonesimulator macosx xros xrsimulator";
				SWIFT_EMIT_LOC_STRINGS = NO;
				SWIFT_VERSION = 6.0;
				TARGETED_DEVICE_FAMILY = "1,2,7";
				TEST_HOST = "$(BUILT_PRODUCTS_DIR)/SwiftUIWithCoordinators.app/$(BUNDLE_EXECUTABLE_FOLDER_PATH)/SwiftUIWithCoordinators";
				XROS_DEPLOYMENT_TARGET = 2.0;
			};
			name = Release;
		};
		6197BE6B2CA1B79B00E5C31E /* Debug */ = {
			isa = XCBuildConfiguration;
			buildSettings = {
				CODE_SIGN_STYLE = Automatic;
				CURRENT_PROJECT_VERSION = 1;
				GENERATE_INFOPLIST_FILE = YES;
				IPHONEOS_DEPLOYMENT_TARGET = 18.0;
				MACOSX_DEPLOYMENT_TARGET = 14.6;
				MARKETING_VERSION = 1.0;
				PRODUCT_BUNDLE_IDENTIFIER = com.SamarKhaled.SwiftUIWithCoordinatorsUITests;
				PRODUCT_NAME = "$(TARGET_NAME)";
				SDKROOT = auto;
				SUPPORTED_PLATFORMS = "iphoneos iphonesimulator macosx xros xrsimulator";
				SWIFT_EMIT_LOC_STRINGS = NO;
				SWIFT_VERSION = 6.0;
				TARGETED_DEVICE_FAMILY = "1,2,7";
				TEST_TARGET_NAME = SwiftUIWithCoordinators;
				XROS_DEPLOYMENT_TARGET = 2.0;
			};
			name = Debug;
		};
		6197BE6C2CA1B79B00E5C31E /* Release */ = {
			isa = XCBuildConfiguration;
			buildSettings = {
				CODE_SIGN_STYLE = Automatic;
				CURRENT_PROJECT_VERSION = 1;
				GENERATE_INFOPLIST_FILE = YES;
				IPHONEOS_DEPLOYMENT_TARGET = 18.0;
				MACOSX_DEPLOYMENT_TARGET = 14.6;
				MARKETING_VERSION = 1.0;
				PRODUCT_BUNDLE_IDENTIFIER = com.SamarKhaled.SwiftUIWithCoordinatorsUITests;
				PRODUCT_NAME = "$(TARGET_NAME)";
				SDKROOT = auto;
				SUPPORTED_PLATFORMS = "iphoneos iphonesimulator macosx xros xrsimulator";
				SWIFT_EMIT_LOC_STRINGS = NO;
				SWIFT_VERSION = 6.0;
				TARGETED_DEVICE_FAMILY = "1,2,7";
				TEST_TARGET_NAME = SwiftUIWithCoordinators;
				XROS_DEPLOYMENT_TARGET = 2.0;
			};
			name = Release;
		};
/* End XCBuildConfiguration section */

/* Begin XCConfigurationList section */
		6197BE3A2CA1B79A00E5C31E /* Build configuration list for PBXProject "SwiftUIWithCoordinators" */ = {
			isa = XCConfigurationList;
			buildConfigurations = (
				6197BE622CA1B79B00E5C31E /* Debug */,
				6197BE632CA1B79B00E5C31E /* Release */,
			);
			defaultConfigurationIsVisible = 0;
			defaultConfigurationName = Release;
		};
		6197BE642CA1B79B00E5C31E /* Build configuration list for PBXNativeTarget "SwiftUIWithCoordinators" */ = {
			isa = XCConfigurationList;
			buildConfigurations = (
				6197BE652CA1B79B00E5C31E /* Debug */,
				6197BE662CA1B79B00E5C31E /* Release */,
			);
			defaultConfigurationIsVisible = 0;
			defaultConfigurationName = Release;
		};
		6197BE672CA1B79B00E5C31E /* Build configuration list for PBXNativeTarget "SwiftUIWithCoordinatorsTests" */ = {
			isa = XCConfigurationList;
			buildConfigurations = (
				6197BE682CA1B79B00E5C31E /* Debug */,
				6197BE692CA1B79B00E5C31E /* Release */,
			);
			defaultConfigurationIsVisible = 0;
			defaultConfigurationName = Release;
		};
		6197BE6A2CA1B79B00E5C31E /* Build configuration list for PBXNativeTarget "SwiftUIWithCoordinatorsUITests" */ = {
			isa = XCConfigurationList;
			buildConfigurations = (
				6197BE6B2CA1B79B00E5C31E /* Debug */,
				6197BE6C2CA1B79B00E5C31E /* Release */,
			);
			defaultConfigurationIsVisible = 0;
			defaultConfigurationName = Release;
		};
/* End XCConfigurationList section */
	};
	rootObject = 6197BE372CA1B79A00E5C31E /* Project object */;
}
